
Microsoft Visual Studio Solution File, Format Version 12.00
# Visual Studio 2013
VisualStudioVersion = 12.0.40629.0
MinimumVisualStudioVersion = 10.0.40219.1
Project("{FAE04EC0-301F-11D3-BF4B-00C04F79EFBC}") = "WebHosting", "WebHosting\WebHosting.csproj", "{B1F03AE4-F85D-4AB8-BB54-9CB7204D0897}"
EndProject
Project("{FAE04EC0-301F-11D3-BF4B-00C04F79EFBC}") = "DAL", "DAL\DAL.csproj", "{430FCCBA-1260-4EE5-9D97-EE6ACD968A15}"
EndProject
Project("{FAE04EC0-301F-11D3-BF4B-00C04F79EFBC}") = "WCFServices", "WCFServices\WCFServices.csproj", "{67398600-FD64-4FDE-A087-0309EED96F80}"
EndProject
Global
	GlobalSection(SolutionConfigurationPlatforms) = preSolution
		Debug|Any CPU = Debug|Any CPU
		Release|Any CPU = Release|Any CPU
	EndGlobalSection
	GlobalSection(ProjectConfigurationPlatforms) = postSolution
		{B1F03AE4-F85D-4AB8-BB54-9CB7204D0897}.Debug|Any CPU.ActiveCfg = Debug|Any CPU
		{B1F03AE4-F85D-4AB8-BB54-9CB7204D0897}.Debug|Any CPU.Build.0 = Debug|Any CPU
		{B1F03AE4-F85D-4AB8-BB54-9CB7204D0897}.Release|Any CPU.ActiveCfg = Release|Any CPU
		{B1F03AE4-F85D-4AB8-BB54-9CB7204D0897}.Release|Any CPU.Build.0 = Release|Any CPU
		{430FCCBA-1260-4EE5-9D97-EE6ACD968A15}.Debug|Any CPU.ActiveCfg = Debug|Any CPU
		{430FCCBA-1260-4EE5-9D97-EE6ACD968A15}.Debug|Any CPU.Build.0 = Debug|Any CPU
		{430FCCBA-1260-4EE5-9D97-EE6ACD968A15}.Release|Any CPU.ActiveCfg = Release|Any CPU
		{430FCCBA-1260-4EE5-9D97-EE6ACD968A15}.Release|Any CPU.Build.0 = Release|Any CPU
		{67398600-FD64-4FDE-A087-0309EED96F80}.Debug|Any CPU.ActiveCfg = Debug|Any CPU
		{67398600-FD64-4FDE-A087-0309EED96F80}.Debug|Any CPU.Build.0 = Debug|Any CPU
		{67398600-FD64-4FDE-A087-0309EED96F80}.Release|Any CPU.ActiveCfg = Release|Any CPU
		{67398600-FD64-4FDE-A087-0309EED96F80}.Release|Any CPU.Build.0 = Release|Any CPU
	EndGlobalSection
	GlobalSection(SolutionProperties) = preSolution
		HideSolutionNode = FALSE
	EndGlobalSection
EndGlobal
